{
  "version": 4,
  "terraform_version": "1.6.3",
  "serial": 6,
  "lineage": "5b5bb483-fa10-738c-92a3-f9476d0d3830",
  "outputs": {
    "ecr_repository_url": {
      "value": "650635451238.dkr.ecr.ap-southeast-2.amazonaws.com/techscrum_backend_ecr",
      "type": "string"
    },
    "ecs_cluster_id": {
      "value": "arn:aws:ecs:ap-southeast-2:650635451238:cluster/techscrum_ecs_cluster",
      "type": "string"
    },
    "ecs_service_name": {
      "value": "techscrum_ecs_service",
      "type": "string"
    }
  },
  "resources": [
    {
      "mode": "managed",
      "type": "aws_ecr_repository",
      "name": "techscrum_backend_ecr",
      "provider": "provider[\"registry.terraform.io/hashicorp/aws\"]",
      "instances": [
        {
          "schema_version": 0,
          "attributes": {
            "arn": "arn:aws:ecr:ap-southeast-2:650635451238:repository/techscrum_backend_ecr",
            "encryption_configuration": [
              {
                "encryption_type": "AES256",
                "kms_key": ""
              }
            ],
            "force_delete": null,
            "id": "techscrum_backend_ecr",
            "image_scanning_configuration": [
              {
                "scan_on_push": false
              }
            ],
            "image_tag_mutability": "MUTABLE",
            "name": "techscrum_backend_ecr",
            "registry_id": "650635451238",
            "repository_url": "650635451238.dkr.ecr.ap-southeast-2.amazonaws.com/techscrum_backend_ecr",
            "tags": {},
            "tags_all": {},
            "timeouts": null
          },
          "sensitive_attributes": [],
          "private": "eyJlMmJmYjczMC1lY2FhLTExZTYtOGY4OC0zNDM2M2JjN2M0YzAiOnsiZGVsZXRlIjoxMjAwMDAwMDAwMDAwfX0="
        }
      ]
    },
    {
      "mode": "managed",
      "type": "aws_ecs_cluster",
      "name": "techscrum_ecs_cluster",
      "provider": "provider[\"registry.terraform.io/hashicorp/aws\"]",
      "instances": [
        {
          "schema_version": 0,
          "attributes": {
            "arn": "arn:aws:ecs:ap-southeast-2:650635451238:cluster/techscrum_ecs_cluster",
            "configuration": [],
            "id": "arn:aws:ecs:ap-southeast-2:650635451238:cluster/techscrum_ecs_cluster",
            "name": "techscrum_ecs_cluster",
            "service_connect_defaults": [],
            "setting": [
              {
                "name": "containerInsights",
                "value": "disabled"
              }
            ],
            "tags": {},
            "tags_all": {}
          },
          "sensitive_attributes": [],
          "private": "bnVsbA=="
        }
      ]
    }
  ],
  "check_results": null
}
